// !$*UTF8*$!
{
	archiveVersion = 1;
	classes = {
	};
	objectVersion = 50;
	objects = {

/* Begin PBXBuildFile section */
		686725FE262D9F5400FFE657 /* YoutubeDataCell.swift in Sources */ = {isa = PBXBuildFile; fileRef = 686725FC262D9F5400FFE657 /* YoutubeDataCell.swift */; };
		686725FF262D9F5400FFE657 /* YoutubeDataCell.xib in Resources */ = {isa = PBXBuildFile; fileRef = 686725FD262D9F5400FFE657 /* YoutubeDataCell.xib */; };
		68672601262EEADA00FFE657 /* YoutubeListViewModel.swift in Sources */ = {isa = PBXBuildFile; fileRef = 68672600262EEADA00FFE657 /* YoutubeListViewModel.swift */; };
		68672605262EF55200FFE657 /* APIRequestHelper.swift in Sources */ = {isa = PBXBuildFile; fileRef = 68672604262EF55200FFE657 /* APIRequestHelper.swift */; };
		686726072633E54C00FFE657 /* YoutubeData.swift in Sources */ = {isa = PBXBuildFile; fileRef = 686726062633E54C00FFE657 /* YoutubeData.swift */; };
		6867260C26340FC100FFE657 /* EmbedSafariViewController.swift in Sources */ = {isa = PBXBuildFile; fileRef = 6867260B26340FC100FFE657 /* EmbedSafariViewController.swift */; };
		6867260F263410DD00FFE657 /* UIViewController+Extension.swift in Sources */ = {isa = PBXBuildFile; fileRef = 6867260E263410DD00FFE657 /* UIViewController+Extension.swift */; };
		686726112634128000FFE657 /* LoginViewController.swift in Sources */ = {isa = PBXBuildFile; fileRef = 686726102634128000FFE657 /* LoginViewController.swift */; };
		686726132634185F00FFE657 /* SettingViewController.swift in Sources */ = {isa = PBXBuildFile; fileRef = 686726122634185F00FFE657 /* SettingViewController.swift */; };
		68B31B2D262AAFF100DDBFE2 /* AppDelegate.swift in Sources */ = {isa = PBXBuildFile; fileRef = 68B31B2C262AAFF100DDBFE2 /* AppDelegate.swift */; };
		68B31B2F262AAFF100DDBFE2 /* SceneDelegate.swift in Sources */ = {isa = PBXBuildFile; fileRef = 68B31B2E262AAFF100DDBFE2 /* SceneDelegate.swift */; };
		68B31B34262AAFF100DDBFE2 /* Main.storyboard in Resources */ = {isa = PBXBuildFile; fileRef = 68B31B32262AAFF100DDBFE2 /* Main.storyboard */; };
		68B31B36262AB00000DDBFE2 /* Assets.xcassets in Resources */ = {isa = PBXBuildFile; fileRef = 68B31B35262AB00000DDBFE2 /* Assets.xcassets */; };
		68B31B39262AB00000DDBFE2 /* LaunchScreen.storyboard in Resources */ = {isa = PBXBuildFile; fileRef = 68B31B37262AB00000DDBFE2 /* LaunchScreen.storyboard */; };
		68B31B41262AD5EF00DDBFE2 /* FakeDataViewController.swift in Sources */ = {isa = PBXBuildFile; fileRef = 68B31B40262AD5EE00DDBFE2 /* FakeDataViewController.swift */; };
		68B31B44262AD60A00DDBFE2 /* YoutubeListViewController.swift in Sources */ = {isa = PBXBuildFile; fileRef = 68B31B43262AD60A00DDBFE2 /* YoutubeListViewController.swift */; };
		68B31B46262AD62A00DDBFE2 /* PicturesViewController.swift in Sources */ = {isa = PBXBuildFile; fileRef = 68B31B45262AD62A00DDBFE2 /* PicturesViewController.swift */; };
		68B31B48262AD63B00DDBFE2 /* ConversationViewController.swift in Sources */ = {isa = PBXBuildFile; fileRef = 68B31B47262AD63B00DDBFE2 /* ConversationViewController.swift */; };
		68B31B4C262AD6C700DDBFE2 /* MediaData.swift in Sources */ = {isa = PBXBuildFile; fileRef = 68B31B4B262AD6C700DDBFE2 /* MediaData.swift */; };
		68B31B4E262AD78C00DDBFE2 /* FakeDataViewModel.swift in Sources */ = {isa = PBXBuildFile; fileRef = 68B31B4D262AD78C00DDBFE2 /* FakeDataViewModel.swift */; };
		68B31B51262ADA9800DDBFE2 /* MediaDataCell.swift in Sources */ = {isa = PBXBuildFile; fileRef = 68B31B50262ADA9800DDBFE2 /* MediaDataCell.swift */; };
/* End PBXBuildFile section */

/* Begin PBXFileReference section */
		686725FC262D9F5400FFE657 /* YoutubeDataCell.swift */ = {isa = PBXFileReference; lastKnownFileType = sourcecode.swift; path = YoutubeDataCell.swift; sourceTree = "<group>"; };
		686725FD262D9F5400FFE657 /* YoutubeDataCell.xib */ = {isa = PBXFileReference; lastKnownFileType = file.xib; path = YoutubeDataCell.xib; sourceTree = "<group>"; };
		68672600262EEADA00FFE657 /* YoutubeListViewModel.swift */ = {isa = PBXFileReference; lastKnownFileType = sourcecode.swift; path = YoutubeListViewModel.swift; sourceTree = "<group>"; };
		68672604262EF55200FFE657 /* APIRequestHelper.swift */ = {isa = PBXFileReference; lastKnownFileType = sourcecode.swift; path = APIRequestHelper.swift; sourceTree = "<group>"; };
		686726062633E54C00FFE657 /* YoutubeData.swift */ = {isa = PBXFileReference; lastKnownFileType = sourcecode.swift; path = YoutubeData.swift; sourceTree = "<group>"; };
		6867260B26340FC100FFE657 /* EmbedSafariViewController.swift */ = {isa = PBXFileReference; fileEncoding = 4; lastKnownFileType = sourcecode.swift; path = EmbedSafariViewController.swift; sourceTree = "<group>"; };
		6867260E263410DD00FFE657 /* UIViewController+Extension.swift */ = {isa = PBXFileReference; lastKnownFileType = sourcecode.swift; path = "UIViewController+Extension.swift"; sourceTree = "<group>"; };
		686726102634128000FFE657 /* LoginViewController.swift */ = {isa = PBXFileReference; lastKnownFileType = sourcecode.swift; path = LoginViewController.swift; sourceTree = "<group>"; };
		686726122634185F00FFE657 /* SettingViewController.swift */ = {isa = PBXFileReference; lastKnownFileType = sourcecode.swift; path = SettingViewController.swift; sourceTree = "<group>"; };
		68B31B29262AAFF100DDBFE2 /* YoutuberMedia.app */ = {isa = PBXFileReference; explicitFileType = wrapper.application; includeInIndex = 0; path = YoutuberMedia.app; sourceTree = BUILT_PRODUCTS_DIR; };
		68B31B2C262AAFF100DDBFE2 /* AppDelegate.swift */ = {isa = PBXFileReference; lastKnownFileType = sourcecode.swift; path = AppDelegate.swift; sourceTree = "<group>"; };
		68B31B2E262AAFF100DDBFE2 /* SceneDelegate.swift */ = {isa = PBXFileReference; lastKnownFileType = sourcecode.swift; path = SceneDelegate.swift; sourceTree = "<group>"; };
		68B31B33262AAFF100DDBFE2 /* Base */ = {isa = PBXFileReference; lastKnownFileType = file.storyboard; name = Base; path = Base.lproj/Main.storyboard; sourceTree = "<group>"; };
		68B31B35262AB00000DDBFE2 /* Assets.xcassets */ = {isa = PBXFileReference; lastKnownFileType = folder.assetcatalog; path = Assets.xcassets; sourceTree = "<group>"; };
		68B31B38262AB00000DDBFE2 /* Base */ = {isa = PBXFileReference; lastKnownFileType = file.storyboard; name = Base; path = Base.lproj/LaunchScreen.storyboard; sourceTree = "<group>"; };
		68B31B3A262AB00000DDBFE2 /* Info.plist */ = {isa = PBXFileReference; lastKnownFileType = text.plist.xml; path = Info.plist; sourceTree = "<group>"; };
		68B31B40262AD5EE00DDBFE2 /* FakeDataViewController.swift */ = {isa = PBXFileReference; lastKnownFileType = sourcecode.swift; path = FakeDataViewController.swift; sourceTree = "<group>"; };
		68B31B43262AD60A00DDBFE2 /* YoutubeListViewController.swift */ = {isa = PBXFileReference; lastKnownFileType = sourcecode.swift; path = YoutubeListViewController.swift; sourceTree = "<group>"; };
		68B31B45262AD62A00DDBFE2 /* PicturesViewController.swift */ = {isa = PBXFileReference; lastKnownFileType = sourcecode.swift; path = PicturesViewController.swift; sourceTree = "<group>"; };
		68B31B47262AD63B00DDBFE2 /* ConversationViewController.swift */ = {isa = PBXFileReference; lastKnownFileType = sourcecode.swift; path = ConversationViewController.swift; sourceTree = "<group>"; };
		68B31B4B262AD6C700DDBFE2 /* MediaData.swift */ = {isa = PBXFileReference; lastKnownFileType = sourcecode.swift; path = MediaData.swift; sourceTree = "<group>"; };
		68B31B4D262AD78C00DDBFE2 /* FakeDataViewModel.swift */ = {isa = PBXFileReference; lastKnownFileType = sourcecode.swift; path = FakeDataViewModel.swift; sourceTree = "<group>"; };
		68B31B50262ADA9800DDBFE2 /* MediaDataCell.swift */ = {isa = PBXFileReference; lastKnownFileType = sourcecode.swift; path = MediaDataCell.swift; sourceTree = "<group>"; };
/* End PBXFileReference section */

/* Begin PBXFrameworksBuildPhase section */
		68B31B26262AAFF100DDBFE2 /* Frameworks */ = {
			isa = PBXFrameworksBuildPhase;
			buildActionMask = 2147483647;
			files = (
			);
			runOnlyForDeploymentPostprocessing = 0;
		};
/* End PBXFrameworksBuildPhase section */

/* Begin PBXGroup section */
		68672602262EF4E500FFE657 /* Service */ = {
			isa = PBXGroup;
			children = (
				68672603262EF4EE00FFE657 /* Request */,
			);
			path = Service;
			sourceTree = "<group>";
		};
		68672603262EF4EE00FFE657 /* Request */ = {
			isa = PBXGroup;
			children = (
				68672604262EF55200FFE657 /* APIRequestHelper.swift */,
			);
			path = Request;
			sourceTree = "<group>";
		};
		6867260826340F4700FFE657 /* Common */ = {
			isa = PBXGroup;
			children = (
				6867260B26340FC100FFE657 /* EmbedSafariViewController.swift */,
			);
			path = Common;
			sourceTree = "<group>";
		};
		6867260D263410C000FFE657 /* Extensions */ = {
			isa = PBXGroup;
			children = (
				6867260E263410DD00FFE657 /* UIViewController+Extension.swift */,
			);
			path = Extensions;
			sourceTree = "<group>";
		};
		68B31B20262AAFF100DDBFE2 = {
			isa = PBXGroup;
			children = (
				68B31B2B262AAFF100DDBFE2 /* YoutuberMedia */,
				68B31B2A262AAFF100DDBFE2 /* Products */,
			);
			sourceTree = "<group>";
		};
		68B31B2A262AAFF100DDBFE2 /* Products */ = {
			isa = PBXGroup;
			children = (
				68B31B29262AAFF100DDBFE2 /* YoutuberMedia.app */,
			);
			name = Products;
			sourceTree = "<group>";
		};
		68B31B2B262AAFF100DDBFE2 /* YoutuberMedia */ = {
			isa = PBXGroup;
			children = (
				6867260D263410C000FFE657 /* Extensions */,
				68672602262EF4E500FFE657 /* Service */,
				68B31B4A262AD69500DDBFE2 /* ViewModel */,
				68B31B49262AD68A00DDBFE2 /* Model */,
				68B31B42262AD5F600DDBFE2 /* View */,
				68B31B2C262AAFF100DDBFE2 /* AppDelegate.swift */,
				68B31B2E262AAFF100DDBFE2 /* SceneDelegate.swift */,
				68B31B32262AAFF100DDBFE2 /* Main.storyboard */,
				68B31B35262AB00000DDBFE2 /* Assets.xcassets */,
				68B31B37262AB00000DDBFE2 /* LaunchScreen.storyboard */,
				68B31B3A262AB00000DDBFE2 /* Info.plist */,
			);
			path = YoutuberMedia;
			sourceTree = "<group>";
		};
		68B31B42262AD5F600DDBFE2 /* View */ = {
			isa = PBXGroup;
			children = (
				6867260826340F4700FFE657 /* Common */,
				68B31B4F262ADA5C00DDBFE2 /* Cell */,
				68B31B40262AD5EE00DDBFE2 /* FakeDataViewController.swift */,
				68B31B43262AD60A00DDBFE2 /* YoutubeListViewController.swift */,
				68B31B45262AD62A00DDBFE2 /* PicturesViewController.swift */,
				68B31B47262AD63B00DDBFE2 /* ConversationViewController.swift */,
				686726102634128000FFE657 /* LoginViewController.swift */,
				686726122634185F00FFE657 /* SettingViewController.swift */,
			);
			path = View;
			sourceTree = "<group>";
		};
		68B31B49262AD68A00DDBFE2 /* Model */ = {
			isa = PBXGroup;
			children = (
				68B31B4B262AD6C700DDBFE2 /* MediaData.swift */,
				686726062633E54C00FFE657 /* YoutubeData.swift */,
			);
			path = Model;
			sourceTree = "<group>";
		};
		68B31B4A262AD69500DDBFE2 /* ViewModel */ = {
			isa = PBXGroup;
			children = (
				68B31B4D262AD78C00DDBFE2 /* FakeDataViewModel.swift */,
				68672600262EEADA00FFE657 /* YoutubeListViewModel.swift */,
			);
			path = ViewModel;
			sourceTree = "<group>";
		};
		68B31B4F262ADA5C00DDBFE2 /* Cell */ = {
			isa = PBXGroup;
			children = (
				68B31B50262ADA9800DDBFE2 /* MediaDataCell.swift */,
				686725FC262D9F5400FFE657 /* YoutubeDataCell.swift */,
				686725FD262D9F5400FFE657 /* YoutubeDataCell.xib */,
			);
			path = Cell;
			sourceTree = "<group>";
		};
/* End PBXGroup section */

/* Begin PBXNativeTarget section */
		68B31B28262AAFF100DDBFE2 /* YoutuberMedia */ = {
			isa = PBXNativeTarget;
			buildConfigurationList = 68B31B3D262AB00000DDBFE2 /* Build configuration list for PBXNativeTarget "YoutuberMedia" */;
			buildPhases = (
				68B31B25262AAFF100DDBFE2 /* Sources */,
				68B31B26262AAFF100DDBFE2 /* Frameworks */,
				68B31B27262AAFF100DDBFE2 /* Resources */,
			);
			buildRules = (
			);
			dependencies = (
			);
			name = YoutuberMedia;
			productName = YoutuberMedia;
			productReference = 68B31B29262AAFF100DDBFE2 /* YoutuberMedia.app */;
			productType = "com.apple.product-type.application";
		};
/* End PBXNativeTarget section */

/* Begin PBXProject section */
		68B31B21262AAFF100DDBFE2 /* Project object */ = {
			isa = PBXProject;
			attributes = {
				LastSwiftUpdateCheck = 1250;
				LastUpgradeCheck = 1250;
				TargetAttributes = {
					68B31B28262AAFF100DDBFE2 = {
						CreatedOnToolsVersion = 12.5;
					};
				};
			};
			buildConfigurationList = 68B31B24262AAFF100DDBFE2 /* Build configuration list for PBXProject "YoutuberMedia" */;
			compatibilityVersion = "Xcode 9.3";
			developmentRegion = en;
			hasScannedForEncodings = 0;
			knownRegions = (
				en,
				Base,
			);
			mainGroup = 68B31B20262AAFF100DDBFE2;
			productRefGroup = 68B31B2A262AAFF100DDBFE2 /* Products */;
			projectDirPath = "";
			projectRoot = "";
			targets = (
				68B31B28262AAFF100DDBFE2 /* YoutuberMedia */,
			);
		};
/* End PBXProject section */

/* Begin PBXResourcesBuildPhase section */
		68B31B27262AAFF100DDBFE2 /* Resources */ = {
			isa = PBXResourcesBuildPhase;
			buildActionMask = 2147483647;
			files = (
				68B31B39262AB00000DDBFE2 /* LaunchScreen.storyboard in Resources */,
				68B31B36262AB00000DDBFE2 /* Assets.xcassets in Resources */,
				68B31B34262AAFF100DDBFE2 /* Main.storyboard in Resources */,
				686725FF262D9F5400FFE657 /* YoutubeDataCell.xib in Resources */,
			);
			runOnlyForDeploymentPostprocessing = 0;
		};
/* End PBXResourcesBuildPhase section */

/* Begin PBXSourcesBuildPhase section */
		68B31B25262AAFF100DDBFE2 /* Sources */ = {
			isa = PBXSourcesBuildPhase;
			buildActionMask = 2147483647;
			files = (
				68B31B51262ADA9800DDBFE2 /* MediaDataCell.swift in Sources */,
				686726072633E54C00FFE657 /* YoutubeData.swift in Sources */,
				68B31B2D262AAFF100DDBFE2 /* AppDelegate.swift in Sources */,
				6867260F263410DD00FFE657 /* UIViewController+Extension.swift in Sources */,
				68B31B4C262AD6C700DDBFE2 /* MediaData.swift in Sources */,
				686726132634185F00FFE657 /* SettingViewController.swift in Sources */,
				68B31B41262AD5EF00DDBFE2 /* FakeDataViewController.swift in Sources */,
				68B31B48262AD63B00DDBFE2 /* ConversationViewController.swift in Sources */,
				68672601262EEADA00FFE657 /* YoutubeListViewModel.swift in Sources */,
				68B31B46262AD62A00DDBFE2 /* PicturesViewController.swift in Sources */,
				68B31B44262AD60A00DDBFE2 /* YoutubeListViewController.swift in Sources */,
				68672605262EF55200FFE657 /* APIRequestHelper.swift in Sources */,
				6867260C26340FC100FFE657 /* EmbedSafariViewController.swift in Sources */,
				686726112634128000FFE657 /* LoginViewController.swift in Sources */,
				686725FE262D9F5400FFE657 /* YoutubeDataCell.swift in Sources */,
				68B31B2F262AAFF100DDBFE2 /* SceneDelegate.swift in Sources */,
				68B31B4E262AD78C00DDBFE2 /* FakeDataViewModel.swift in Sources */,
			);
			runOnlyForDeploymentPostprocessing = 0;
		};
/* End PBXSourcesBuildPhase section */

/* Begin PBXVariantGroup section */
		68B31B32262AAFF100DDBFE2 /* Main.storyboard */ = {
			isa = PBXVariantGroup;
			children = (
				68B31B33262AAFF100DDBFE2 /* Base */,
			);
			name = Main.storyboard;
			sourceTree = "<group>";
		};
		68B31B37262AB00000DDBFE2 /* LaunchScreen.storyboard */ = {
			isa = PBXVariantGroup;
			children = (
				68B31B38262AB00000DDBFE2 /* Base */,
			);
			name = LaunchScreen.storyboard;
			sourceTree = "<group>";
		};
/* End PBXVariantGroup section */

/* Begin XCBuildConfiguration section */
		68B31B3B262AB00000DDBFE2 /* Debug */ = {
			isa = XCBuildConfiguration;
			buildSettings = {
				ALWAYS_SEARCH_USER_PATHS = NO;
				CLANG_ANALYZER_NONNULL = YES;
				CLANG_ANALYZER_NUMBER_OBJECT_CONVERSION = YES_AGGRESSIVE;
				CLANG_CXX_LANGUAGE_STANDARD = "gnu++14";
				CLANG_CXX_LIBRARY = "libc++";
				CLANG_ENABLE_MODULES = YES;
				CLANG_ENABLE_OBJC_ARC = YES;
				CLANG_ENABLE_OBJC_WEAK = YES;
				CLANG_WARN_BLOCK_CAPTURE_AUTORELEASING = YES;
				CLANG_WARN_BOOL_CONVERSION = YES;
				CLANG_WARN_COMMA = YES;
				CLANG_WARN_CONSTANT_CONVERSION = YES;
				CLANG_WARN_DEPRECATED_OBJC_IMPLEMENTATIONS = YES;
				CLANG_WARN_DIRECT_OBJC_ISA_USAGE = YES_ERROR;
				CLANG_WARN_DOCUMENTATION_COMMENTS = YES;
				CLANG_WARN_EMPTY_BODY = YES;
				CLANG_WARN_ENUM_CONVERSION = YES;
				CLANG_WARN_INFINITE_RECURSION = YES;
				CLANG_WARN_INT_CONVERSION = YES;
				CLANG_WARN_NON_LITERAL_NULL_CONVERSION = YES;
				CLANG_WARN_OBJC_IMPLICIT_RETAIN_SELF = YES;
				CLANG_WARN_OBJC_LITERAL_CONVERSION = YES;
				CLANG_WARN_OBJC_ROOT_CLASS = YES_ERROR;
				CLANG_WARN_QUOTED_INCLUDE_IN_FRAMEWORK_HEADER = YES;
				CLANG_WARN_RANGE_LOOP_ANALYSIS = YES;
				CLANG_WARN_STRICT_PROTOTYPES = YES;
				CLANG_WARN_SUSPICIOUS_MOVE = YES;
				CLANG_WARN_UNGUARDED_AVAILABILITY = YES_AGGRESSIVE;
				CLANG_WARN_UNREACHABLE_CODE = YES;
				CLANG_WARN__DUPLICATE_METHOD_MATCH = YES;
				COPY_PHASE_STRIP = NO;
				DEBUG_INFORMATION_FORMAT = dwarf;
				ENABLE_STRICT_OBJC_MSGSEND = YES;
				ENABLE_TESTABILITY = YES;
				GCC_C_LANGUAGE_STANDARD = gnu11;
				GCC_DYNAMIC_NO_PIC = NO;
				GCC_NO_COMMON_BLOCKS = YES;
				GCC_OPTIMIZATION_LEVEL = 0;
				GCC_PREPROCESSOR_DEFINITIONS = (
					"DEBUG=1",
					"$(inherited)",
				);
				GCC_WARN_64_TO_32_BIT_CONVERSION = YES;
				GCC_WARN_ABOUT_RETURN_TYPE = YES_ERROR;
				GCC_WARN_UNDECLARED_SELECTOR = YES;
				GCC_WARN_UNINITIALIZED_AUTOS = YES_AGGRESSIVE;
				GCC_WARN_UNUSED_FUNCTION = YES;
				GCC_WARN_UNUSED_VARIABLE = YES;
				IPHONEOS_DEPLOYMENT_TARGET = 14.5;
				MTL_ENABLE_DEBUG_INFO = INCLUDE_SOURCE;
				MTL_FAST_MATH = YES;
				ONLY_ACTIVE_ARCH = YES;
				SDKROOT = iphoneos;
				SWIFT_ACTIVE_COMPILATION_CONDITIONS = DEBUG;
				SWIFT_OPTIMIZATION_LEVEL = "-Onone";
			};
			name = Debug;
		};
		68B31B3C262AB00000DDBFE2 /* Release */ = {
			isa = XCBuildConfiguration;
			buildSettings = {
				ALWAYS_SEARCH_USER_PATHS = NO;
				CLANG_ANALYZER_NONNULL = YES;
				CLANG_ANALYZER_NUMBER_OBJECT_CONVERSION = YES_AGGRESSIVE;
				CLANG_CXX_LANGUAGE_STANDARD = "gnu++14";
				CLANG_CXX_LIBRARY = "libc++";
				CLANG_ENABLE_MODULES = YES;
				CLANG_ENABLE_OBJC_ARC = YES;
				CLANG_ENABLE_OBJC_WEAK = YES;
				CLANG_WARN_BLOCK_CAPTURE_AUTORELEASING = YES;
				CLANG_WARN_BOOL_CONVERSION = YES;
				CLANG_WARN_COMMA = YES;
				CLANG_WARN_CONSTANT_CONVERSION = YES;
				CLANG_WARN_DEPRECATED_OBJC_IMPLEMENTATIONS = YES;
				CLANG_WARN_DIRECT_OBJC_ISA_USAGE = YES_ERROR;
				CLANG_WARN_DOCUMENTATION_COMMENTS = YES;
				CLANG_WARN_EMPTY_BODY = YES;
				CLANG_WARN_ENUM_CONVERSION = YES;
				CLANG_WARN_INFINITE_RECURSION = YES;
				CLANG_WARN_INT_CONVERSION = YES;
				CLANG_WARN_NON_LITERAL_NULL_CONVERSION = YES;
				CLANG_WARN_OBJC_IMPLICIT_RETAIN_SELF = YES;
				CLANG_WARN_OBJC_LITERAL_CONVERSION = YES;
				CLANG_WARN_OBJC_ROOT_CLASS = YES_ERROR;
				CLANG_WARN_QUOTED_INCLUDE_IN_FRAMEWORK_HEADER = YES;
				CLANG_WARN_RANGE_LOOP_ANALYSIS = YES;
				CLANG_WARN_STRICT_PROTOTYPES = YES;
				CLANG_WARN_SUSPICIOUS_MOVE = YES;
				CLANG_WARN_UNGUARDED_AVAILABILITY = YES_AGGRESSIVE;
				CLANG_WARN_UNREACHABLE_CODE = YES;
				CLANG_WARN__DUPLICATE_METHOD_MATCH = YES;
				COPY_PHASE_STRIP = NO;
				DEBUG_INFORMATION_FORMAT = "dwarf-with-dsym";
				ENABLE_NS_ASSERTIONS = NO;
				ENABLE_STRICT_OBJC_MSGSEND = YES;
				GCC_C_LANGUAGE_STANDARD = gnu11;
				GCC_NO_COMMON_BLOCKS = YES;
				GCC_WARN_64_TO_32_BIT_CONVERSION = YES;
				GCC_WARN_ABOUT_RETURN_TYPE = YES_ERROR;
				GCC_WARN_UNDECLARED_SELECTOR = YES;
				GCC_WARN_UNINITIALIZED_AUTOS = YES_AGGRESSIVE;
				GCC_WARN_UNUSED_FUNCTION = YES;
				GCC_WARN_UNUSED_VARIABLE = YES;
				IPHONEOS_DEPLOYMENT_TARGET = 14.5;
				MTL_ENABLE_DEBUG_INFO = NO;
				MTL_FAST_MATH = YES;
				SDKROOT = iphoneos;
				SWIFT_COMPILATION_MODE = wholemodule;
				SWIFT_OPTIMIZATION_LEVEL = "-O";
				VALIDATE_PRODUCT = YES;
			};
			name = Release;
		};
		68B31B3E262AB00000DDBFE2 /* Debug */ = {
			isa = XCBuildConfiguration;
			buildSettings = {
				ASSETCATALOG_COMPILER_APPICON_NAME = AppIcon;
				ASSETCATALOG_COMPILER_GLOBAL_ACCENT_COLOR_NAME = AccentColor;
				CODE_SIGN_STYLE = Automatic;
				DEVELOPMENT_TEAM = 357T8QJ78Y;
				INFOPLIST_FILE = YoutuberMedia/Info.plist;
				IPHONEOS_DEPLOYMENT_TARGET = 13.0;
				LD_RUNPATH_SEARCH_PATHS = (
					"$(inherited)",
					"@executable_path/Frameworks",
				);
				PRODUCT_BUNDLE_IDENTIFIER = com.okay.YoutuberMedia;
				PRODUCT_NAME = "$(TARGET_NAME)";
				SWIFT_VERSION = 5.0;
				TARGETED_DEVICE_FAMILY = 1;
			};
			name = Debug;
		};
		68B31B3F262AB00000DDBFE2 /* Release */ = {
			isa = XCBuildConfiguration;
			buildSettings = {
				ASSETCATALOG_COMPILER_APPICON_NAME = AppIcon;
				ASSETCATALOG_COMPILER_GLOBAL_ACCENT_COLOR_NAME = AccentColor;
				CODE_SIGN_STYLE = Automatic;
				DEVELOPMENT_TEAM = 357T8QJ78Y;
				INFOPLIST_FILE = YoutuberMedia/Info.plist;
				IPHONEOS_DEPLOYMENT_TARGET = 13.0;
				LD_RUNPATH_SEARCH_PATHS = (
					"$(inherited)",
					"@executable_path/Frameworks",
				);
				PRODUCT_BUNDLE_IDENTIFIER = com.okay.YoutuberMedia;
				PRODUCT_NAME = "$(TARGET_NAME)";
				SWIFT_VERSION = 5.0;
				TARGETED_DEVICE_FAMILY = 1;
			};
			name = Release;
		};
/* End XCBuildConfiguration section */

/* Begin XCConfigurationList section */
		68B31B24262AAFF100DDBFE2 /* Build configuration list for PBXProject "YoutuberMedia" */ = {
			isa = XCConfigurationList;
			buildConfigurations = (
				68B31B3B262AB00000DDBFE2 /* Debug */,
				68B31B3C262AB00000DDBFE2 /* Release */,
			);
			defaultConfigurationIsVisible = 0;
			defaultConfigurationName = Release;
		};
		68B31B3D262AB00000DDBFE2 /* Build configuration list for PBXNativeTarget "YoutuberMedia" */ = {
			isa = XCConfigurationList;
			buildConfigurations = (
				68B31B3E262AB00000DDBFE2 /* Debug */,
				68B31B3F262AB00000DDBFE2 /* Release */,
			);
			defaultConfigurationIsVisible = 0;
			defaultConfigurationName = Release;
		};
/* End XCConfigurationList section */
	};
	rootObject = 68B31B21262AAFF100DDBFE2 /* Project object */;
}
